
Microsoft Visual Studio Solution File, Format Version 12.00
# Visual Studio Version 17
VisualStudioVersion = 17.8.34408.163
MinimumVisualStudioVersion = 10.0.40219.1
Project("{FAE04EC0-301F-11D3-BF4B-00C04F79EFBC}") = "ef5uc", "ef5uc\ef5uc.csproj", "{B00F56A2-1A52-4379-B7A8-C4A2031BB3F5}"
EndProject
Global
	GlobalSection(SolutionConfigurationPlatforms) = preSolution
		Debug|Any CPU = Debug|Any CPU
		Release|Any CPU = Release|Any CPU
	EndGlobalSection
	GlobalSection(ProjectConfigurationPlatforms) = postSolution
		{B00F56A2-1A52-4379-B7A8-C4A2031BB3F5}.Debug|Any CPU.ActiveCfg = Debug|Any CPU
		{B00F56A2-1A52-4379-B7A8-C4A2031BB3F5}.Debug|Any CPU.Build.0 = Debug|Any CPU
		{B00F56A2-1A52-4379-B7A8-C4A2031BB3F5}.Release|Any CPU.ActiveCfg = Release|Any CPU
		{B00F56A2-1A52-4379-B7A8-C4A2031BB3F5}.Release|Any CPU.Build.0 = Release|Any CPU
	EndGlobalSection
	GlobalSection(SolutionProperties) = preSolution
		HideSolutionNode = FALSE
	EndGlobalSection
	GlobalSection(ExtensibilityGlobals) = postSolution
		SolutionGuid = {E1CB5DBD-F650-4A8E-847D-D50F12C39D03}
	EndGlobalSection
EndGlobal
